
Microsoft Visual Studio Solution File, Format Version 12.00
# Visual Studio Version 16
VisualStudioVersion = 16.0.810.22
MinimumVisualStudioVersion = 10.0.40219.1
Project("{FAE04EC0-301F-11D3-BF4B-00C04F79EFBC}") = "WishlistV1.1", "WishlistV1.1.csproj", "{56F4385F-B0E1-4FDA-9801-7FF3BBEA4E29}"
EndProject
Global
	GlobalSection(SolutionConfigurationPlatforms) = preSolution
		Debug|Any CPU = Debug|Any CPU
		Release|Any CPU = Release|Any CPU
	EndGlobalSection
	GlobalSection(ProjectConfigurationPlatforms) = postSolution
		{56F4385F-B0E1-4FDA-9801-7FF3BBEA4E29}.Debug|Any CPU.ActiveCfg = Debug|Any CPU
		{56F4385F-B0E1-4FDA-9801-7FF3BBEA4E29}.Debug|Any CPU.Build.0 = Debug|Any CPU
		{56F4385F-B0E1-4FDA-9801-7FF3BBEA4E29}.Release|Any CPU.ActiveCfg = Release|Any CPU
		{56F4385F-B0E1-4FDA-9801-7FF3BBEA4E29}.Release|Any CPU.Build.0 = Release|Any CPU
	EndGlobalSection
	GlobalSection(SolutionProperties) = preSolution
		HideSolutionNode = FALSE
	EndGlobalSection
	GlobalSection(ExtensibilityGlobals) = postSolution
		SolutionGuid = {79156FDE-66FD-442A-B33D-2FEE4A3EFFAD}
	EndGlobalSection
EndGlobal
